
Microsoft Visual Studio Solution File, Format Version 11.00
# Visual Studio 2010
Project("{FAE04EC0-301F-11D3-BF4B-00C04F79EFBC}") = "LeafletJs", "LeafletJs\LeafletJs.csproj", "{5D9304D8-87C0-461C-953E-9D56BCF019D4}"
EndProject
Global
	GlobalSection(SolutionConfigurationPlatforms) = preSolution
		Debug|Any CPU = Debug|Any CPU
		Release|Any CPU = Release|Any CPU
	EndGlobalSection
	GlobalSection(ProjectConfigurationPlatforms) = postSolution
		{5D9304D8-87C0-461C-953E-9D56BCF019D4}.Debug|Any CPU.ActiveCfg = Debug|Any CPU
		{5D9304D8-87C0-461C-953E-9D56BCF019D4}.Debug|Any CPU.Build.0 = Debug|Any CPU
		{5D9304D8-87C0-461C-953E-9D56BCF019D4}.Release|Any CPU.ActiveCfg = Release|Any CPU
		{5D9304D8-87C0-461C-953E-9D56BCF019D4}.Release|Any CPU.Build.0 = Release|Any CPU
	EndGlobalSection
	GlobalSection(SolutionProperties) = preSolution
		HideSolutionNode = FALSE
	EndGlobalSection
EndGlobal
